
Microsoft Visual Studio Solution File, Format Version 12.00
# Visual Studio Version 17
VisualStudioVersion = 17.6.33801.468
MinimumVisualStudioVersion = 10.0.40219.1
Project("{8BC9CEB8-8B4A-11D0-8D11-00A0C91BC942}") = "consteval", "consteval\consteval.vcxproj", "{594F241F-64F0-4161-BE9D-8F5F4639A46D}"
EndProject
Project("{8BC9CEB8-8B4A-11D0-8D11-00A0C91BC942}") = "Employees", "Employees\Employees.vcxproj", "{8283DABB-4687-4D10-9B78-8C370AD039CD}"
EndProject
Project("{8BC9CEB8-8B4A-11D0-8D11-00A0C91BC942}") = "Exercise-1-1", "Exercise-1-1\Exercise-1-1.vcxproj", "{CFDA02F6-F61E-49A3-B606-1DF2B63C42BA}"
EndProject
Project("{8BC9CEB8-8B4A-11D0-8D11-00A0C91BC942}") = "Exercise-2-4", "Exercise-2-4\Exercise-2-4.vcxproj", "{7F275EF7-D2AD-483F-B2BC-3C9979FB958B}"
EndProject
Project("{8BC9CEB8-8B4A-11D0-8D11-00A0C91BC942}") = "Lib5InARow", "Lib5InARow\5InARow.vcxproj", "{CF32EEFD-30FE-4A70-9B5E-D3D8078D845F}"
EndProject
Project("{8BC9CEB8-8B4A-11D0-8D11-00A0C91BC942}") = "Console5InARow", "Console5InARow\Console5InARow.vcxproj", "{7E7FA9C7-3E10-463B-85A0-A7DB9D380D06}"
	ProjectSection(ProjectDependencies) = postProject
		{CF32EEFD-30FE-4A70-9B5E-D3D8078D845F} = {CF32EEFD-30FE-4A70-9B5E-D3D8078D845F}
	EndProjectSection
EndProject
Project("{8BC9CEB8-8B4A-11D0-8D11-00A0C91BC942}") = "PassArrayWithLength", "PassArrayWithLength\PassArrayWithLength.vcxproj", "{E6B3CFDA-03D1-4549-A437-7F11987C64C1}"
EndProject
Project("{8BC9CEB8-8B4A-11D0-8D11-00A0C91BC942}") = "IntelliPtr", "IntelliPtr\IntelliPtr.vcxproj", "{D04D03CB-467D-4318-9862-05816E55DF1F}"
EndProject
Project("{8BC9CEB8-8B4A-11D0-8D11-00A0C91BC942}") = "Exercise-7-2", "Exercise-7-2\Exercise-7-2.vcxproj", "{19D47E76-22D2-4B1B-96A6-3B56DC61EE77}"
EndProject
Project("{8BC9CEB8-8B4A-11D0-8D11-00A0C91BC942}") = "lineClassMember", "lineClassMember\lineClassMember.vcxproj", "{4A19805B-47B2-4349-93EB-376DE37AEB6F}"
EndProject
Project("{8BC9CEB8-8B4A-11D0-8D11-00A0C91BC942}") = "Exercise-11", "Exercise-11\Exercise-11.vcxproj", "{93BBA920-742E-4A73-8BB8-D01339EA58F2}"
EndProject
Project("{8BC9CEB8-8B4A-11D0-8D11-00A0C91BC942}") = "ConceptsAndRequirements", "ConceptsAndRequirements\ConceptsAndRequirements.vcxproj", "{F5E4E326-FB09-408C-B4F4-6C7159843084}"
EndProject
Project("{8BC9CEB8-8B4A-11D0-8D11-00A0C91BC942}") = "Exercise-12", "Exercise-12\Exercise-12.vcxproj", "{555793B0-E438-4CD4-9FD3-03A0516819DD}"
EndProject
Project("{8BC9CEB8-8B4A-11D0-8D11-00A0C91BC942}") = "Exercise-12-", "Exercise-12-\Exercise-12-.vcxproj", "{4B70E9AF-C41D-4662-A747-6A9F88FCF32B}"
EndProject
Project("{8BC9CEB8-8B4A-11D0-8D11-00A0C91BC942}") = "PlusPLus", "PlusPLus\PlusPLus.vcxproj", "{2AB87AC0-4356-445A-BFF7-DBEB10138899}"
EndProject
Project("{8BC9CEB8-8B4A-11D0-8D11-00A0C91BC942}") = "Iterators", "Iterators\Iterators.vcxproj", "{764721F3-279B-439D-9307-4181829CF4DD}"
EndProject
Project("{8BC9CEB8-8B4A-11D0-8D11-00A0C91BC942}") = "IteratorTraits", "IteratorTraits\IteratorTraits.vcxproj", "{34D9B2EC-74E1-44A5-BFE6-525A63F8BF1D}"
EndProject
Project("{8BC9CEB8-8B4A-11D0-8D11-00A0C91BC942}") = "Ranges", "Ranges\Ranges.vcxproj", "{00E455E6-F9E0-4053-B20D-EFF25F57C0DA}"
EndProject
Project("{8BC9CEB8-8B4A-11D0-8D11-00A0C91BC942}") = "Views", "Views\Views.vcxproj", "{A6F4BFDD-B3D3-4A59-B2C8-666D93260898}"
EndProject
Project("{8BC9CEB8-8B4A-11D0-8D11-00A0C91BC942}") = "Exercise-17-1", "Exercise-17-1\Exercise-17-1.vcxproj", "{E032FC79-B241-452E-AC13-9223A0F7136A}"
EndProject
Project("{8BC9CEB8-8B4A-11D0-8D11-00A0C91BC942}") = "Exercise-17-2And17-3", "Exercise-17-2And17-3\Exercise-17-2And17-3.vcxproj", "{DB8254BB-B543-4059-BA85-9858848A8F00}"
EndProject
Project("{8BC9CEB8-8B4A-11D0-8D11-00A0C91BC942}") = "Span", "Span\Span.vcxproj", "{31F57309-961A-4EF8-966D-392065CB5144}"
EndProject
Project("{8BC9CEB8-8B4A-11D0-8D11-00A0C91BC942}") = "Exercise-18-1", "Exercise-18-1\Exercise-18-1.vcxproj", "{ADBE0E7F-E10E-4EBF-B806-3F4C2A3533A9}"
EndProject
Project("{8BC9CEB8-8B4A-11D0-8D11-00A0C91BC942}") = "Exercise-18-2", "Exercise-18-2\Exercise-18-2.vcxproj", "{BF5842BD-7C84-4D3E-8A9F-59F0C6F72BDF}"
EndProject
Project("{8BC9CEB8-8B4A-11D0-8D11-00A0C91BC942}") = "Exercise-18-Extra", "Exercise-18-Extra\Exercise-18-Extra.vcxproj", "{AD05EBD4-E859-46C7-A2AF-89379B12EDE1}"
EndProject
Project("{8BC9CEB8-8B4A-11D0-8D11-00A0C91BC942}") = "Exercise-19-5", "Exercise-19-5\Exercise-19-5.vcxproj", "{CFEE6B07-E683-49E0-B68A-FED439F38E8C}"
EndProject
Project("{8BC9CEB8-8B4A-11D0-8D11-00A0C91BC942}") = "ParallelAlgorithm", "ParallelAlgorithm\ParallelAlgorithm.vcxproj", "{ADA634C7-ABB1-4679-A109-8B34A73F1554}"
EndProject
Project("{8BC9CEB8-8B4A-11D0-8D11-00A0C91BC942}") = "AlgorithmOnRange", "AlgorithmOnRange\AlgorithmOnRange.vcxproj", "{CA022A21-BEA7-4BC9-A745-8C4C3C0AF0B7}"
EndProject
Project("{8BC9CEB8-8B4A-11D0-8D11-00A0C91BC942}") = "Exercise-21-2", "Exercise-21-2\Exercise-21-2.vcxproj", "{26415978-9943-497C-8DBE-0DE7A3C9B383}"
EndProject
Global
	GlobalSection(SolutionConfigurationPlatforms) = preSolution
		Debug|x64 = Debug|x64
		Debug|x86 = Debug|x86
		Release|x64 = Release|x64
		Release|x86 = Release|x86
	EndGlobalSection
	GlobalSection(ProjectConfigurationPlatforms) = postSolution
		{594F241F-64F0-4161-BE9D-8F5F4639A46D}.Debug|x64.ActiveCfg = Debug|x64
		{594F241F-64F0-4161-BE9D-8F5F4639A46D}.Debug|x64.Build.0 = Debug|x64
		{594F241F-64F0-4161-BE9D-8F5F4639A46D}.Debug|x86.ActiveCfg = Debug|Win32
		{594F241F-64F0-4161-BE9D-8F5F4639A46D}.Debug|x86.Build.0 = Debug|Win32
		{594F241F-64F0-4161-BE9D-8F5F4639A46D}.Release|x64.ActiveCfg = Release|x64
		{594F241F-64F0-4161-BE9D-8F5F4639A46D}.Release|x64.Build.0 = Release|x64
		{594F241F-64F0-4161-BE9D-8F5F4639A46D}.Release|x86.ActiveCfg = Release|Win32
		{594F241F-64F0-4161-BE9D-8F5F4639A46D}.Release|x86.Build.0 = Release|Win32
		{8283DABB-4687-4D10-9B78-8C370AD039CD}.Debug|x64.ActiveCfg = Debug|x64
		{8283DABB-4687-4D10-9B78-8C370AD039CD}.Debug|x64.Build.0 = Debug|x64
		{8283DABB-4687-4D10-9B78-8C370AD039CD}.Debug|x86.ActiveCfg = Debug|Win32
		{8283DABB-4687-4D10-9B78-8C370AD039CD}.Debug|x86.Build.0 = Debug|Win32
		{8283DABB-4687-4D10-9B78-8C370AD039CD}.Release|x64.ActiveCfg = Release|x64
		{8283DABB-4687-4D10-9B78-8C370AD039CD}.Release|x64.Build.0 = Release|x64
		{8283DABB-4687-4D10-9B78-8C370AD039CD}.Release|x86.ActiveCfg = Release|Win32
		{8283DABB-4687-4D10-9B78-8C370AD039CD}.Release|x86.Build.0 = Release|Win32
		{CFDA02F6-F61E-49A3-B606-1DF2B63C42BA}.Debug|x64.ActiveCfg = Debug|x64
		{CFDA02F6-F61E-49A3-B606-1DF2B63C42BA}.Debug|x64.Build.0 = Debug|x64
		{CFDA02F6-F61E-49A3-B606-1DF2B63C42BA}.Debug|x86.ActiveCfg = Debug|Win32
		{CFDA02F6-F61E-49A3-B606-1DF2B63C42BA}.Debug|x86.Build.0 = Debug|Win32
		{CFDA02F6-F61E-49A3-B606-1DF2B63C42BA}.Release|x64.ActiveCfg = Release|x64
		{CFDA02F6-F61E-49A3-B606-1DF2B63C42BA}.Release|x64.Build.0 = Release|x64
		{CFDA02F6-F61E-49A3-B606-1DF2B63C42BA}.Release|x86.ActiveCfg = Release|Win32
		{CFDA02F6-F61E-49A3-B606-1DF2B63C42BA}.Release|x86.Build.0 = Release|Win32
		{7F275EF7-D2AD-483F-B2BC-3C9979FB958B}.Debug|x64.ActiveCfg = Debug|x64
		{7F275EF7-D2AD-483F-B2BC-3C9979FB958B}.Debug|x64.Build.0 = Debug|x64
		{7F275EF7-D2AD-483F-B2BC-3C9979FB958B}.Debug|x86.ActiveCfg = Debug|Win32
		{7F275EF7-D2AD-483F-B2BC-3C9979FB958B}.Debug|x86.Build.0 = Debug|Win32
		{7F275EF7-D2AD-483F-B2BC-3C9979FB958B}.Release|x64.ActiveCfg = Release|x64
		{7F275EF7-D2AD-483F-B2BC-3C9979FB958B}.Release|x64.Build.0 = Release|x64
		{7F275EF7-D2AD-483F-B2BC-3C9979FB958B}.Release|x86.ActiveCfg = Release|Win32
		{7F275EF7-D2AD-483F-B2BC-3C9979FB958B}.Release|x86.Build.0 = Release|Win32
		{CF32EEFD-30FE-4A70-9B5E-D3D8078D845F}.Debug|x64.ActiveCfg = Debug|x64
		{CF32EEFD-30FE-4A70-9B5E-D3D8078D845F}.Debug|x64.Build.0 = Debug|x64
		{CF32EEFD-30FE-4A70-9B5E-D3D8078D845F}.Debug|x86.ActiveCfg = Debug|Win32
		{CF32EEFD-30FE-4A70-9B5E-D3D8078D845F}.Debug|x86.Build.0 = Debug|Win32
		{CF32EEFD-30FE-4A70-9B5E-D3D8078D845F}.Release|x64.ActiveCfg = Release|x64
		{CF32EEFD-30FE-4A70-9B5E-D3D8078D845F}.Release|x64.Build.0 = Release|x64
		{CF32EEFD-30FE-4A70-9B5E-D3D8078D845F}.Release|x86.ActiveCfg = Release|Win32
		{CF32EEFD-30FE-4A70-9B5E-D3D8078D845F}.Release|x86.Build.0 = Release|Win32
		{7E7FA9C7-3E10-463B-85A0-A7DB9D380D06}.Debug|x64.ActiveCfg = Debug|x64
		{7E7FA9C7-3E10-463B-85A0-A7DB9D380D06}.Debug|x64.Build.0 = Debug|x64
		{7E7FA9C7-3E10-463B-85A0-A7DB9D380D06}.Debug|x86.ActiveCfg = Debug|Win32
		{7E7FA9C7-3E10-463B-85A0-A7DB9D380D06}.Debug|x86.Build.0 = Debug|Win32
		{7E7FA9C7-3E10-463B-85A0-A7DB9D380D06}.Release|x64.ActiveCfg = Release|x64
		{7E7FA9C7-3E10-463B-85A0-A7DB9D380D06}.Release|x64.Build.0 = Release|x64
		{7E7FA9C7-3E10-463B-85A0-A7DB9D380D06}.Release|x86.ActiveCfg = Release|Win32
		{7E7FA9C7-3E10-463B-85A0-A7DB9D380D06}.Release|x86.Build.0 = Release|Win32
		{E6B3CFDA-03D1-4549-A437-7F11987C64C1}.Debug|x64.ActiveCfg = Debug|x64
		{E6B3CFDA-03D1-4549-A437-7F11987C64C1}.Debug|x64.Build.0 = Debug|x64
		{E6B3CFDA-03D1-4549-A437-7F11987C64C1}.Debug|x86.ActiveCfg = Debug|Win32
		{E6B3CFDA-03D1-4549-A437-7F11987C64C1}.Debug|x86.Build.0 = Debug|Win32
		{E6B3CFDA-03D1-4549-A437-7F11987C64C1}.Release|x64.ActiveCfg = Release|x64
		{E6B3CFDA-03D1-4549-A437-7F11987C64C1}.Release|x64.Build.0 = Release|x64
		{E6B3CFDA-03D1-4549-A437-7F11987C64C1}.Release|x86.ActiveCfg = Release|Win32
		{E6B3CFDA-03D1-4549-A437-7F11987C64C1}.Release|x86.Build.0 = Release|Win32
		{D04D03CB-467D-4318-9862-05816E55DF1F}.Debug|x64.ActiveCfg = Debug|x64
		{D04D03CB-467D-4318-9862-05816E55DF1F}.Debug|x64.Build.0 = Debug|x64
		{D04D03CB-467D-4318-9862-05816E55DF1F}.Debug|x86.ActiveCfg = Debug|Win32
		{D04D03CB-467D-4318-9862-05816E55DF1F}.Debug|x86.Build.0 = Debug|Win32
		{D04D03CB-467D-4318-9862-05816E55DF1F}.Release|x64.ActiveCfg = Release|x64
		{D04D03CB-467D-4318-9862-05816E55DF1F}.Release|x64.Build.0 = Release|x64
		{D04D03CB-467D-4318-9862-05816E55DF1F}.Release|x86.ActiveCfg = Release|Win32
		{D04D03CB-467D-4318-9862-05816E55DF1F}.Release|x86.Build.0 = Release|Win32
		{19D47E76-22D2-4B1B-96A6-3B56DC61EE77}.Debug|x64.ActiveCfg = Debug|x64
		{19D47E76-22D2-4B1B-96A6-3B56DC61EE77}.Debug|x64.Build.0 = Debug|x64
		{19D47E76-22D2-4B1B-96A6-3B56DC61EE77}.Debug|x86.ActiveCfg = Debug|Win32
		{19D47E76-22D2-4B1B-96A6-3B56DC61EE77}.Debug|x86.Build.0 = Debug|Win32
		{19D47E76-22D2-4B1B-96A6-3B56DC61EE77}.Release|x64.ActiveCfg = Release|x64
		{19D47E76-22D2-4B1B-96A6-3B56DC61EE77}.Release|x64.Build.0 = Release|x64
		{19D47E76-22D2-4B1B-96A6-3B56DC61EE77}.Release|x86.ActiveCfg = Release|Win32
		{19D47E76-22D2-4B1B-96A6-3B56DC61EE77}.Release|x86.Build.0 = Release|Win32
		{4A19805B-47B2-4349-93EB-376DE37AEB6F}.Debug|x64.ActiveCfg = Debug|x64
		{4A19805B-47B2-4349-93EB-376DE37AEB6F}.Debug|x64.Build.0 = Debug|x64
		{4A19805B-47B2-4349-93EB-376DE37AEB6F}.Debug|x86.ActiveCfg = Debug|Win32
		{4A19805B-47B2-4349-93EB-376DE37AEB6F}.Debug|x86.Build.0 = Debug|Win32
		{4A19805B-47B2-4349-93EB-376DE37AEB6F}.Release|x64.ActiveCfg = Release|x64
		{4A19805B-47B2-4349-93EB-376DE37AEB6F}.Release|x64.Build.0 = Release|x64
		{4A19805B-47B2-4349-93EB-376DE37AEB6F}.Release|x86.ActiveCfg = Release|Win32
		{4A19805B-47B2-4349-93EB-376DE37AEB6F}.Release|x86.Build.0 = Release|Win32
		{93BBA920-742E-4A73-8BB8-D01339EA58F2}.Debug|x64.ActiveCfg = Debug|x64
		{93BBA920-742E-4A73-8BB8-D01339EA58F2}.Debug|x64.Build.0 = Debug|x64
		{93BBA920-742E-4A73-8BB8-D01339EA58F2}.Debug|x86.ActiveCfg = Debug|Win32
		{93BBA920-742E-4A73-8BB8-D01339EA58F2}.Debug|x86.Build.0 = Debug|Win32
		{93BBA920-742E-4A73-8BB8-D01339EA58F2}.Release|x64.ActiveCfg = Release|x64
		{93BBA920-742E-4A73-8BB8-D01339EA58F2}.Release|x64.Build.0 = Release|x64
		{93BBA920-742E-4A73-8BB8-D01339EA58F2}.Release|x86.ActiveCfg = Release|Win32
		{93BBA920-742E-4A73-8BB8-D01339EA58F2}.Release|x86.Build.0 = Release|Win32
		{F5E4E326-FB09-408C-B4F4-6C7159843084}.Debug|x64.ActiveCfg = Debug|x64
		{F5E4E326-FB09-408C-B4F4-6C7159843084}.Debug|x64.Build.0 = Debug|x64
		{F5E4E326-FB09-408C-B4F4-6C7159843084}.Debug|x86.ActiveCfg = Debug|Win32
		{F5E4E326-FB09-408C-B4F4-6C7159843084}.Debug|x86.Build.0 = Debug|Win32
		{F5E4E326-FB09-408C-B4F4-6C7159843084}.Release|x64.ActiveCfg = Release|x64
		{F5E4E326-FB09-408C-B4F4-6C7159843084}.Release|x64.Build.0 = Release|x64
		{F5E4E326-FB09-408C-B4F4-6C7159843084}.Release|x86.ActiveCfg = Release|Win32
		{F5E4E326-FB09-408C-B4F4-6C7159843084}.Release|x86.Build.0 = Release|Win32
		{555793B0-E438-4CD4-9FD3-03A0516819DD}.Debug|x64.ActiveCfg = Debug|x64
		{555793B0-E438-4CD4-9FD3-03A0516819DD}.Debug|x64.Build.0 = Debug|x64
		{555793B0-E438-4CD4-9FD3-03A0516819DD}.Debug|x86.ActiveCfg = Debug|Win32
		{555793B0-E438-4CD4-9FD3-03A0516819DD}.Debug|x86.Build.0 = Debug|Win32
		{555793B0-E438-4CD4-9FD3-03A0516819DD}.Release|x64.ActiveCfg = Release|x64
		{555793B0-E438-4CD4-9FD3-03A0516819DD}.Release|x64.Build.0 = Release|x64
		{555793B0-E438-4CD4-9FD3-03A0516819DD}.Release|x86.ActiveCfg = Release|Win32
		{555793B0-E438-4CD4-9FD3-03A0516819DD}.Release|x86.Build.0 = Release|Win32
		{4B70E9AF-C41D-4662-A747-6A9F88FCF32B}.Debug|x64.ActiveCfg = Debug|x64
		{4B70E9AF-C41D-4662-A747-6A9F88FCF32B}.Debug|x64.Build.0 = Debug|x64
		{4B70E9AF-C41D-4662-A747-6A9F88FCF32B}.Debug|x86.ActiveCfg = Debug|Win32
		{4B70E9AF-C41D-4662-A747-6A9F88FCF32B}.Debug|x86.Build.0 = Debug|Win32
		{4B70E9AF-C41D-4662-A747-6A9F88FCF32B}.Release|x64.ActiveCfg = Release|x64
		{4B70E9AF-C41D-4662-A747-6A9F88FCF32B}.Release|x64.Build.0 = Release|x64
		{4B70E9AF-C41D-4662-A747-6A9F88FCF32B}.Release|x86.ActiveCfg = Release|Win32
		{4B70E9AF-C41D-4662-A747-6A9F88FCF32B}.Release|x86.Build.0 = Release|Win32
		{2AB87AC0-4356-445A-BFF7-DBEB10138899}.Debug|x64.ActiveCfg = Debug|x64
		{2AB87AC0-4356-445A-BFF7-DBEB10138899}.Debug|x64.Build.0 = Debug|x64
		{2AB87AC0-4356-445A-BFF7-DBEB10138899}.Debug|x86.ActiveCfg = Debug|Win32
		{2AB87AC0-4356-445A-BFF7-DBEB10138899}.Debug|x86.Build.0 = Debug|Win32
		{2AB87AC0-4356-445A-BFF7-DBEB10138899}.Release|x64.ActiveCfg = Release|x64
		{2AB87AC0-4356-445A-BFF7-DBEB10138899}.Release|x64.Build.0 = Release|x64
		{2AB87AC0-4356-445A-BFF7-DBEB10138899}.Release|x86.ActiveCfg = Release|Win32
		{2AB87AC0-4356-445A-BFF7-DBEB10138899}.Release|x86.Build.0 = Release|Win32
		{764721F3-279B-439D-9307-4181829CF4DD}.Debug|x64.ActiveCfg = Debug|x64
		{764721F3-279B-439D-9307-4181829CF4DD}.Debug|x64.Build.0 = Debug|x64
		{764721F3-279B-439D-9307-4181829CF4DD}.Debug|x86.ActiveCfg = Debug|Win32
		{764721F3-279B-439D-9307-4181829CF4DD}.Debug|x86.Build.0 = Debug|Win32
		{764721F3-279B-439D-9307-4181829CF4DD}.Release|x64.ActiveCfg = Release|x64
		{764721F3-279B-439D-9307-4181829CF4DD}.Release|x64.Build.0 = Release|x64
		{764721F3-279B-439D-9307-4181829CF4DD}.Release|x86.ActiveCfg = Release|Win32
		{764721F3-279B-439D-9307-4181829CF4DD}.Release|x86.Build.0 = Release|Win32
		{34D9B2EC-74E1-44A5-BFE6-525A63F8BF1D}.Debug|x64.ActiveCfg = Debug|x64
		{34D9B2EC-74E1-44A5-BFE6-525A63F8BF1D}.Debug|x64.Build.0 = Debug|x64
		{34D9B2EC-74E1-44A5-BFE6-525A63F8BF1D}.Debug|x86.ActiveCfg = Debug|Win32
		{34D9B2EC-74E1-44A5-BFE6-525A63F8BF1D}.Debug|x86.Build.0 = Debug|Win32
		{34D9B2EC-74E1-44A5-BFE6-525A63F8BF1D}.Release|x64.ActiveCfg = Release|x64
		{34D9B2EC-74E1-44A5-BFE6-525A63F8BF1D}.Release|x64.Build.0 = Release|x64
		{34D9B2EC-74E1-44A5-BFE6-525A63F8BF1D}.Release|x86.ActiveCfg = Release|Win32
		{34D9B2EC-74E1-44A5-BFE6-525A63F8BF1D}.Release|x86.Build.0 = Release|Win32
		{00E455E6-F9E0-4053-B20D-EFF25F57C0DA}.Debug|x64.ActiveCfg = Debug|x64
		{00E455E6-F9E0-4053-B20D-EFF25F57C0DA}.Debug|x64.Build.0 = Debug|x64
		{00E455E6-F9E0-4053-B20D-EFF25F57C0DA}.Debug|x86.ActiveCfg = Debug|Win32
		{00E455E6-F9E0-4053-B20D-EFF25F57C0DA}.Debug|x86.Build.0 = Debug|Win32
		{00E455E6-F9E0-4053-B20D-EFF25F57C0DA}.Release|x64.ActiveCfg = Release|x64
		{00E455E6-F9E0-4053-B20D-EFF25F57C0DA}.Release|x64.Build.0 = Release|x64
		{00E455E6-F9E0-4053-B20D-EFF25F57C0DA}.Release|x86.ActiveCfg = Release|Win32
		{00E455E6-F9E0-4053-B20D-EFF25F57C0DA}.Release|x86.Build.0 = Release|Win32
		{A6F4BFDD-B3D3-4A59-B2C8-666D93260898}.Debug|x64.ActiveCfg = Debug|x64
		{A6F4BFDD-B3D3-4A59-B2C8-666D93260898}.Debug|x64.Build.0 = Debug|x64
		{A6F4BFDD-B3D3-4A59-B2C8-666D93260898}.Debug|x86.ActiveCfg = Debug|Win32
		{A6F4BFDD-B3D3-4A59-B2C8-666D93260898}.Debug|x86.Build.0 = Debug|Win32
		{A6F4BFDD-B3D3-4A59-B2C8-666D93260898}.Release|x64.ActiveCfg = Release|x64
		{A6F4BFDD-B3D3-4A59-B2C8-666D93260898}.Release|x64.Build.0 = Release|x64
		{A6F4BFDD-B3D3-4A59-B2C8-666D93260898}.Release|x86.ActiveCfg = Release|Win32
		{A6F4BFDD-B3D3-4A59-B2C8-666D93260898}.Release|x86.Build.0 = Release|Win32
		{E032FC79-B241-452E-AC13-9223A0F7136A}.Debug|x64.ActiveCfg = Debug|x64
		{E032FC79-B241-452E-AC13-9223A0F7136A}.Debug|x64.Build.0 = Debug|x64
		{E032FC79-B241-452E-AC13-9223A0F7136A}.Debug|x86.ActiveCfg = Debug|Win32
		{E032FC79-B241-452E-AC13-9223A0F7136A}.Debug|x86.Build.0 = Debug|Win32
		{E032FC79-B241-452E-AC13-9223A0F7136A}.Release|x64.ActiveCfg = Release|x64
		{E032FC79-B241-452E-AC13-9223A0F7136A}.Release|x64.Build.0 = Release|x64
		{E032FC79-B241-452E-AC13-9223A0F7136A}.Release|x86.ActiveCfg = Release|Win32
		{E032FC79-B241-452E-AC13-9223A0F7136A}.Release|x86.Build.0 = Release|Win32
		{DB8254BB-B543-4059-BA85-9858848A8F00}.Debug|x64.ActiveCfg = Debug|x64
		{DB8254BB-B543-4059-BA85-9858848A8F00}.Debug|x64.Build.0 = Debug|x64
		{DB8254BB-B543-4059-BA85-9858848A8F00}.Debug|x86.ActiveCfg = Debug|Win32
		{DB8254BB-B543-4059-BA85-9858848A8F00}.Debug|x86.Build.0 = Debug|Win32
		{DB8254BB-B543-4059-BA85-9858848A8F00}.Release|x64.ActiveCfg = Release|x64
		{DB8254BB-B543-4059-BA85-9858848A8F00}.Release|x64.Build.0 = Release|x64
		{DB8254BB-B543-4059-BA85-9858848A8F00}.Release|x86.ActiveCfg = Release|Win32
		{DB8254BB-B543-4059-BA85-9858848A8F00}.Release|x86.Build.0 = Release|Win32
		{31F57309-961A-4EF8-966D-392065CB5144}.Debug|x64.ActiveCfg = Debug|x64
		{31F57309-961A-4EF8-966D-392065CB5144}.Debug|x64.Build.0 = Debug|x64
		{31F57309-961A-4EF8-966D-392065CB5144}.Debug|x86.ActiveCfg = Debug|Win32
		{31F57309-961A-4EF8-966D-392065CB5144}.Debug|x86.Build.0 = Debug|Win32
		{31F57309-961A-4EF8-966D-392065CB5144}.Release|x64.ActiveCfg = Release|x64
		{31F57309-961A-4EF8-966D-392065CB5144}.Release|x64.Build.0 = Release|x64
		{31F57309-961A-4EF8-966D-392065CB5144}.Release|x86.ActiveCfg = Release|Win32
		{31F57309-961A-4EF8-966D-392065CB5144}.Release|x86.Build.0 = Release|Win32
		{ADBE0E7F-E10E-4EBF-B806-3F4C2A3533A9}.Debug|x64.ActiveCfg = Debug|x64
		{ADBE0E7F-E10E-4EBF-B806-3F4C2A3533A9}.Debug|x64.Build.0 = Debug|x64
		{ADBE0E7F-E10E-4EBF-B806-3F4C2A3533A9}.Debug|x86.ActiveCfg = Debug|Win32
		{ADBE0E7F-E10E-4EBF-B806-3F4C2A3533A9}.Debug|x86.Build.0 = Debug|Win32
		{ADBE0E7F-E10E-4EBF-B806-3F4C2A3533A9}.Release|x64.ActiveCfg = Release|x64
		{ADBE0E7F-E10E-4EBF-B806-3F4C2A3533A9}.Release|x64.Build.0 = Release|x64
		{ADBE0E7F-E10E-4EBF-B806-3F4C2A3533A9}.Release|x86.ActiveCfg = Release|Win32
		{ADBE0E7F-E10E-4EBF-B806-3F4C2A3533A9}.Release|x86.Build.0 = Release|Win32
		{BF5842BD-7C84-4D3E-8A9F-59F0C6F72BDF}.Debug|x64.ActiveCfg = Debug|x64
		{BF5842BD-7C84-4D3E-8A9F-59F0C6F72BDF}.Debug|x64.Build.0 = Debug|x64
		{BF5842BD-7C84-4D3E-8A9F-59F0C6F72BDF}.Debug|x86.ActiveCfg = Debug|Win32
		{BF5842BD-7C84-4D3E-8A9F-59F0C6F72BDF}.Debug|x86.Build.0 = Debug|Win32
		{BF5842BD-7C84-4D3E-8A9F-59F0C6F72BDF}.Release|x64.ActiveCfg = Release|x64
		{BF5842BD-7C84-4D3E-8A9F-59F0C6F72BDF}.Release|x64.Build.0 = Release|x64
		{BF5842BD-7C84-4D3E-8A9F-59F0C6F72BDF}.Release|x86.ActiveCfg = Release|Win32
		{BF5842BD-7C84-4D3E-8A9F-59F0C6F72BDF}.Release|x86.Build.0 = Release|Win32
		{AD05EBD4-E859-46C7-A2AF-89379B12EDE1}.Debug|x64.ActiveCfg = Debug|x64
		{AD05EBD4-E859-46C7-A2AF-89379B12EDE1}.Debug|x64.Build.0 = Debug|x64
		{AD05EBD4-E859-46C7-A2AF-89379B12EDE1}.Debug|x86.ActiveCfg = Debug|Win32
		{AD05EBD4-E859-46C7-A2AF-89379B12EDE1}.Debug|x86.Build.0 = Debug|Win32
		{AD05EBD4-E859-46C7-A2AF-89379B12EDE1}.Release|x64.ActiveCfg = Release|x64
		{AD05EBD4-E859-46C7-A2AF-89379B12EDE1}.Release|x64.Build.0 = Release|x64
		{AD05EBD4-E859-46C7-A2AF-89379B12EDE1}.Release|x86.ActiveCfg = Release|Win32
		{AD05EBD4-E859-46C7-A2AF-89379B12EDE1}.Release|x86.Build.0 = Release|Win32
		{CFEE6B07-E683-49E0-B68A-FED439F38E8C}.Debug|x64.ActiveCfg = Debug|x64
		{CFEE6B07-E683-49E0-B68A-FED439F38E8C}.Debug|x64.Build.0 = Debug|x64
		{CFEE6B07-E683-49E0-B68A-FED439F38E8C}.Debug|x86.ActiveCfg = Debug|Win32
		{CFEE6B07-E683-49E0-B68A-FED439F38E8C}.Debug|x86.Build.0 = Debug|Win32
		{CFEE6B07-E683-49E0-B68A-FED439F38E8C}.Release|x64.ActiveCfg = Release|x64
		{CFEE6B07-E683-49E0-B68A-FED439F38E8C}.Release|x64.Build.0 = Release|x64
		{CFEE6B07-E683-49E0-B68A-FED439F38E8C}.Release|x86.ActiveCfg = Release|Win32
		{CFEE6B07-E683-49E0-B68A-FED439F38E8C}.Release|x86.Build.0 = Release|Win32
		{ADA634C7-ABB1-4679-A109-8B34A73F1554}.Debug|x64.ActiveCfg = Debug|x64
		{ADA634C7-ABB1-4679-A109-8B34A73F1554}.Debug|x64.Build.0 = Debug|x64
		{ADA634C7-ABB1-4679-A109-8B34A73F1554}.Debug|x86.ActiveCfg = Debug|Win32
		{ADA634C7-ABB1-4679-A109-8B34A73F1554}.Debug|x86.Build.0 = Debug|Win32
		{ADA634C7-ABB1-4679-A109-8B34A73F1554}.Release|x64.ActiveCfg = Release|x64
		{ADA634C7-ABB1-4679-A109-8B34A73F1554}.Release|x64.Build.0 = Release|x64
		{ADA634C7-ABB1-4679-A109-8B34A73F1554}.Release|x86.ActiveCfg = Release|Win32
		{ADA634C7-ABB1-4679-A109-8B34A73F1554}.Release|x86.Build.0 = Release|Win32
		{CA022A21-BEA7-4BC9-A745-8C4C3C0AF0B7}.Debug|x64.ActiveCfg = Debug|x64
		{CA022A21-BEA7-4BC9-A745-8C4C3C0AF0B7}.Debug|x64.Build.0 = Debug|x64
		{CA022A21-BEA7-4BC9-A745-8C4C3C0AF0B7}.Debug|x86.ActiveCfg = Debug|Win32
		{CA022A21-BEA7-4BC9-A745-8C4C3C0AF0B7}.Debug|x86.Build.0 = Debug|Win32
		{CA022A21-BEA7-4BC9-A745-8C4C3C0AF0B7}.Release|x64.ActiveCfg = Release|x64
		{CA022A21-BEA7-4BC9-A745-8C4C3C0AF0B7}.Release|x64.Build.0 = Release|x64
		{CA022A21-BEA7-4BC9-A745-8C4C3C0AF0B7}.Release|x86.ActiveCfg = Release|Win32
		{CA022A21-BEA7-4BC9-A745-8C4C3C0AF0B7}.Release|x86.Build.0 = Release|Win32
		{26415978-9943-497C-8DBE-0DE7A3C9B383}.Debug|x64.ActiveCfg = Debug|x64
		{26415978-9943-497C-8DBE-0DE7A3C9B383}.Debug|x64.Build.0 = Debug|x64
		{26415978-9943-497C-8DBE-0DE7A3C9B383}.Debug|x86.ActiveCfg = Debug|Win32
		{26415978-9943-497C-8DBE-0DE7A3C9B383}.Debug|x86.Build.0 = Debug|Win32
		{26415978-9943-497C-8DBE-0DE7A3C9B383}.Release|x64.ActiveCfg = Release|x64
		{26415978-9943-497C-8DBE-0DE7A3C9B383}.Release|x64.Build.0 = Release|x64
		{26415978-9943-497C-8DBE-0DE7A3C9B383}.Release|x86.ActiveCfg = Release|Win32
		{26415978-9943-497C-8DBE-0DE7A3C9B383}.Release|x86.Build.0 = Release|Win32
	EndGlobalSection
	GlobalSection(SolutionProperties) = preSolution
		HideSolutionNode = FALSE
	EndGlobalSection
	GlobalSection(ExtensibilityGlobals) = postSolution
		SolutionGuid = {3FE7751F-B8E9-42C7-A5E5-8E7F560A5889}
	EndGlobalSection
EndGlobal
